
Microsoft Visual Studio Solution File, Format Version 12.00
# Visual Studio Version 16
VisualStudioVersion = 16.0.810.20
MinimumVisualStudioVersion = 10.0.40219.1
Project("{FAE04EC0-301F-11D3-BF4B-00C04F79EFBC}") = "simplex", "simplex\simplex.csproj", "{0A9236DF-87E2-45C3-8E6E-8546C4B05297}"
EndProject
Global
	GlobalSection(SolutionConfigurationPlatforms) = preSolution
		Debug|Any CPU = Debug|Any CPU
		Release|Any CPU = Release|Any CPU
	EndGlobalSection
	GlobalSection(ProjectConfigurationPlatforms) = postSolution
		{0A9236DF-87E2-45C3-8E6E-8546C4B05297}.Debug|Any CPU.ActiveCfg = Debug|Any CPU
		{0A9236DF-87E2-45C3-8E6E-8546C4B05297}.Debug|Any CPU.Build.0 = Debug|Any CPU
		{0A9236DF-87E2-45C3-8E6E-8546C4B05297}.Release|Any CPU.ActiveCfg = Release|Any CPU
		{0A9236DF-87E2-45C3-8E6E-8546C4B05297}.Release|Any CPU.Build.0 = Release|Any CPU
	EndGlobalSection
	GlobalSection(SolutionProperties) = preSolution
		HideSolutionNode = FALSE
	EndGlobalSection
	GlobalSection(ExtensibilityGlobals) = postSolution
		SolutionGuid = {958D66FE-F977-4069-B81D-E26F18BA89FD}
	EndGlobalSection
EndGlobal
